
Microsoft Visual Studio Solution File, Format Version 12.00
# Visual Studio Version 16
VisualStudioVersion = 16.0.31829.152
MinimumVisualStudioVersion = 10.0.40219.1
Project("{FAE04EC0-301F-11D3-BF4B-00C04F79EFBC}") = "Lab11uravn", "Lab11uravn\Lab11uravn.csproj", "{918A2785-EF65-4106-8F7D-0CD6D4E3FA69}"
EndProject
Project("{FAE04EC0-301F-11D3-BF4B-00C04F79EFBC}") = "structUravnenie", "structUravnenie\structUravnenie.csproj", "{64F516E3-F7B3-406E-8F86-838F444A236A}"
EndProject
Global
	GlobalSection(SolutionConfigurationPlatforms) = preSolution
		Debug|Any CPU = Debug|Any CPU
		Release|Any CPU = Release|Any CPU
	EndGlobalSection
	GlobalSection(ProjectConfigurationPlatforms) = postSolution
		{918A2785-EF65-4106-8F7D-0CD6D4E3FA69}.Debug|Any CPU.ActiveCfg = Debug|Any CPU
		{918A2785-EF65-4106-8F7D-0CD6D4E3FA69}.Debug|Any CPU.Build.0 = Debug|Any CPU
		{918A2785-EF65-4106-8F7D-0CD6D4E3FA69}.Release|Any CPU.ActiveCfg = Release|Any CPU
		{918A2785-EF65-4106-8F7D-0CD6D4E3FA69}.Release|Any CPU.Build.0 = Release|Any CPU
		{64F516E3-F7B3-406E-8F86-838F444A236A}.Debug|Any CPU.ActiveCfg = Debug|Any CPU
		{64F516E3-F7B3-406E-8F86-838F444A236A}.Debug|Any CPU.Build.0 = Debug|Any CPU
		{64F516E3-F7B3-406E-8F86-838F444A236A}.Release|Any CPU.ActiveCfg = Release|Any CPU
		{64F516E3-F7B3-406E-8F86-838F444A236A}.Release|Any CPU.Build.0 = Release|Any CPU
	EndGlobalSection
	GlobalSection(SolutionProperties) = preSolution
		HideSolutionNode = FALSE
	EndGlobalSection
	GlobalSection(ExtensibilityGlobals) = postSolution
		SolutionGuid = {4519298C-0137-45CE-B7DF-8B3DDAD157B4}
	EndGlobalSection
EndGlobal
